
Microsoft Visual Studio Solution File, Format Version 12.00
# Visual Studio Version 17
VisualStudioVersion = 17.2.32630.192
MinimumVisualStudioVersion = 10.0.40219.1
Project("{FAE04EC0-301F-11D3-BF4B-00C04F79EFBC}") = "MartialRobotsApp", "MartialRobotsApp\MartialRobotsApp.csproj", "{6C42A460-A128-4802-95F0-C7762D580AC8}"
EndProject
Global
	GlobalSection(SolutionConfigurationPlatforms) = preSolution
		Debug|Any CPU = Debug|Any CPU
		Release|Any CPU = Release|Any CPU
	EndGlobalSection
	GlobalSection(ProjectConfigurationPlatforms) = postSolution
		{6C42A460-A128-4802-95F0-C7762D580AC8}.Debug|Any CPU.ActiveCfg = Debug|Any CPU
		{6C42A460-A128-4802-95F0-C7762D580AC8}.Debug|Any CPU.Build.0 = Debug|Any CPU
		{6C42A460-A128-4802-95F0-C7762D580AC8}.Release|Any CPU.ActiveCfg = Release|Any CPU
		{6C42A460-A128-4802-95F0-C7762D580AC8}.Release|Any CPU.Build.0 = Release|Any CPU
	EndGlobalSection
	GlobalSection(SolutionProperties) = preSolution
		HideSolutionNode = FALSE
	EndGlobalSection
	GlobalSection(ExtensibilityGlobals) = postSolution
		SolutionGuid = {E056CBA4-6FF8-4335-8BA7-52E4F45D066F}
	EndGlobalSection
EndGlobal
